
Microsoft Visual Studio Solution File, Format Version 12.00
# Visual Studio Version 17
VisualStudioVersion = 17.7.34024.191
MinimumVisualStudioVersion = 10.0.40219.1
Project("{FAE04EC0-301F-11D3-BF4B-00C04F79EFBC}") = "PetApp", "PetApp.csproj", "{26C5E2AE-5C28-4AAD-9591-654D0B3FAFB4}"
EndProject
Global
	GlobalSection(SolutionConfigurationPlatforms) = preSolution
		Debug|Any CPU = Debug|Any CPU
		Release|Any CPU = Release|Any CPU
	EndGlobalSection
	GlobalSection(ProjectConfigurationPlatforms) = postSolution
		{26C5E2AE-5C28-4AAD-9591-654D0B3FAFB4}.Debug|Any CPU.ActiveCfg = Debug|Any CPU
		{26C5E2AE-5C28-4AAD-9591-654D0B3FAFB4}.Debug|Any CPU.Build.0 = Debug|Any CPU
		{26C5E2AE-5C28-4AAD-9591-654D0B3FAFB4}.Release|Any CPU.ActiveCfg = Release|Any CPU
		{26C5E2AE-5C28-4AAD-9591-654D0B3FAFB4}.Release|Any CPU.Build.0 = Release|Any CPU
	EndGlobalSection
	GlobalSection(SolutionProperties) = preSolution
		HideSolutionNode = FALSE
	EndGlobalSection
	GlobalSection(ExtensibilityGlobals) = postSolution
		SolutionGuid = {3F2BCABF-1739-4CB1-A644-1F984F4A14D6}
	EndGlobalSection
EndGlobal
