
Microsoft Visual Studio Solution File, Format Version 12.00
# Visual Studio Version 17
VisualStudioVersion = 17.7.34024.191
MinimumVisualStudioVersion = 10.0.40219.1
Project("{FAE04EC0-301F-11D3-BF4B-00C04F79EFBC}") = "FinalTestQuestion1", "FinalTestQuestion1.csproj", "{BE585375-7516-4E25-AFBC-466423EC7E96}"
EndProject
Global
	GlobalSection(SolutionConfigurationPlatforms) = preSolution
		Debug|Any CPU = Debug|Any CPU
		Release|Any CPU = Release|Any CPU
	EndGlobalSection
	GlobalSection(ProjectConfigurationPlatforms) = postSolution
		{BE585375-7516-4E25-AFBC-466423EC7E96}.Debug|Any CPU.ActiveCfg = Debug|Any CPU
		{BE585375-7516-4E25-AFBC-466423EC7E96}.Debug|Any CPU.Build.0 = Debug|Any CPU
		{BE585375-7516-4E25-AFBC-466423EC7E96}.Release|Any CPU.ActiveCfg = Release|Any CPU
		{BE585375-7516-4E25-AFBC-466423EC7E96}.Release|Any CPU.Build.0 = Release|Any CPU
	EndGlobalSection
	GlobalSection(SolutionProperties) = preSolution
		HideSolutionNode = FALSE
	EndGlobalSection
	GlobalSection(ExtensibilityGlobals) = postSolution
		SolutionGuid = {969549BB-F2D4-40EF-9ED0-D7A44A56593C}
	EndGlobalSection
EndGlobal
