
Microsoft Visual Studio Solution File, Format Version 12.00
# Visual Studio Version 17
VisualStudioVersion = 17.7.34024.191
MinimumVisualStudioVersion = 10.0.40219.1
Project("{FAE04EC0-301F-11D3-BF4B-00C04F79EFBC}") = "FinalExamQuestion3", "FinalExamQuestion3.csproj", "{072528C6-908D-422D-BDB6-1EFDF027B83D}"
EndProject
Global
	GlobalSection(SolutionConfigurationPlatforms) = preSolution
		Debug|Any CPU = Debug|Any CPU
		Release|Any CPU = Release|Any CPU
	EndGlobalSection
	GlobalSection(ProjectConfigurationPlatforms) = postSolution
		{072528C6-908D-422D-BDB6-1EFDF027B83D}.Debug|Any CPU.ActiveCfg = Debug|Any CPU
		{072528C6-908D-422D-BDB6-1EFDF027B83D}.Debug|Any CPU.Build.0 = Debug|Any CPU
		{072528C6-908D-422D-BDB6-1EFDF027B83D}.Release|Any CPU.ActiveCfg = Release|Any CPU
		{072528C6-908D-422D-BDB6-1EFDF027B83D}.Release|Any CPU.Build.0 = Release|Any CPU
	EndGlobalSection
	GlobalSection(SolutionProperties) = preSolution
		HideSolutionNode = FALSE
	EndGlobalSection
	GlobalSection(ExtensibilityGlobals) = postSolution
		SolutionGuid = {983FE682-4930-4A51-A91A-0D549E7C8644}
	EndGlobalSection
EndGlobal
