
Microsoft Visual Studio Solution File, Format Version 12.00
# Visual Studio Version 17
VisualStudioVersion = 17.7.34024.191
MinimumVisualStudioVersion = 10.0.40219.1
Project("{FAE04EC0-301F-11D3-BF4B-00C04F79EFBC}") = "Presidents", "Presidents.csproj", "{51FA463C-51BE-4FE5-9353-F91FB0EFD7EE}"
EndProject
Global
	GlobalSection(SolutionConfigurationPlatforms) = preSolution
		Debug|Any CPU = Debug|Any CPU
		Release|Any CPU = Release|Any CPU
	EndGlobalSection
	GlobalSection(ProjectConfigurationPlatforms) = postSolution
		{51FA463C-51BE-4FE5-9353-F91FB0EFD7EE}.Debug|Any CPU.ActiveCfg = Debug|Any CPU
		{51FA463C-51BE-4FE5-9353-F91FB0EFD7EE}.Debug|Any CPU.Build.0 = Debug|Any CPU
		{51FA463C-51BE-4FE5-9353-F91FB0EFD7EE}.Release|Any CPU.ActiveCfg = Release|Any CPU
		{51FA463C-51BE-4FE5-9353-F91FB0EFD7EE}.Release|Any CPU.Build.0 = Release|Any CPU
	EndGlobalSection
	GlobalSection(SolutionProperties) = preSolution
		HideSolutionNode = FALSE
	EndGlobalSection
	GlobalSection(ExtensibilityGlobals) = postSolution
		SolutionGuid = {D11D3D27-9F41-4767-B4BE-92A3CDD6F3E1}
	EndGlobalSection
EndGlobal
