
Microsoft Visual Studio Solution File, Format Version 12.00
# Visual Studio Version 17
VisualStudioVersion = 17.7.34024.191
MinimumVisualStudioVersion = 10.0.40219.1
Project("{FAE04EC0-301F-11D3-BF4B-00C04F79EFBC}") = "FinalTestQuestion6", "FinalTestQuestion6.csproj", "{C01C5163-C0B6-41DA-B645-D7FD21F536E9}"
EndProject
Global
	GlobalSection(SolutionConfigurationPlatforms) = preSolution
		Debug|Any CPU = Debug|Any CPU
		Release|Any CPU = Release|Any CPU
	EndGlobalSection
	GlobalSection(ProjectConfigurationPlatforms) = postSolution
		{C01C5163-C0B6-41DA-B645-D7FD21F536E9}.Debug|Any CPU.ActiveCfg = Debug|Any CPU
		{C01C5163-C0B6-41DA-B645-D7FD21F536E9}.Debug|Any CPU.Build.0 = Debug|Any CPU
		{C01C5163-C0B6-41DA-B645-D7FD21F536E9}.Release|Any CPU.ActiveCfg = Release|Any CPU
		{C01C5163-C0B6-41DA-B645-D7FD21F536E9}.Release|Any CPU.Build.0 = Release|Any CPU
	EndGlobalSection
	GlobalSection(SolutionProperties) = preSolution
		HideSolutionNode = FALSE
	EndGlobalSection
	GlobalSection(ExtensibilityGlobals) = postSolution
		SolutionGuid = {5849BE60-49D3-4008-B4FA-835500364646}
	EndGlobalSection
EndGlobal
