
Microsoft Visual Studio Solution File, Format Version 12.00
# Visual Studio Version 17
VisualStudioVersion = 17.7.34024.191
MinimumVisualStudioVersion = 10.0.40219.1
Project("{FAE04EC0-301F-11D3-BF4B-00C04F79EFBC}") = "DYnamic People", "DYnamic People.csproj", "{CFF33ACE-C5B5-4B99-9DBA-29530C250D47}"
EndProject
Global
	GlobalSection(SolutionConfigurationPlatforms) = preSolution
		Debug|Any CPU = Debug|Any CPU
		Release|Any CPU = Release|Any CPU
	EndGlobalSection
	GlobalSection(ProjectConfigurationPlatforms) = postSolution
		{CFF33ACE-C5B5-4B99-9DBA-29530C250D47}.Debug|Any CPU.ActiveCfg = Debug|Any CPU
		{CFF33ACE-C5B5-4B99-9DBA-29530C250D47}.Debug|Any CPU.Build.0 = Debug|Any CPU
		{CFF33ACE-C5B5-4B99-9DBA-29530C250D47}.Release|Any CPU.ActiveCfg = Release|Any CPU
		{CFF33ACE-C5B5-4B99-9DBA-29530C250D47}.Release|Any CPU.Build.0 = Release|Any CPU
	EndGlobalSection
	GlobalSection(SolutionProperties) = preSolution
		HideSolutionNode = FALSE
	EndGlobalSection
	GlobalSection(ExtensibilityGlobals) = postSolution
		SolutionGuid = {BD341675-985C-4CE4-9539-093632C3002E}
	EndGlobalSection
EndGlobal
