
Microsoft Visual Studio Solution File, Format Version 12.00
# Visual Studio Version 17
VisualStudioVersion = 17.7.34024.191
MinimumVisualStudioVersion = 10.0.40219.1
Project("{FAE04EC0-301F-11D3-BF4B-00C04F79EFBC}") = "Test#1 Problem 14", "Test#1 Problem 14.csproj", "{226BB8FF-6921-44E0-ACFB-E74BE3A19C75}"
EndProject
Global
	GlobalSection(SolutionConfigurationPlatforms) = preSolution
		Debug|Any CPU = Debug|Any CPU
		Release|Any CPU = Release|Any CPU
	EndGlobalSection
	GlobalSection(ProjectConfigurationPlatforms) = postSolution
		{226BB8FF-6921-44E0-ACFB-E74BE3A19C75}.Debug|Any CPU.ActiveCfg = Debug|Any CPU
		{226BB8FF-6921-44E0-ACFB-E74BE3A19C75}.Debug|Any CPU.Build.0 = Debug|Any CPU
		{226BB8FF-6921-44E0-ACFB-E74BE3A19C75}.Release|Any CPU.ActiveCfg = Release|Any CPU
		{226BB8FF-6921-44E0-ACFB-E74BE3A19C75}.Release|Any CPU.Build.0 = Release|Any CPU
	EndGlobalSection
	GlobalSection(SolutionProperties) = preSolution
		HideSolutionNode = FALSE
	EndGlobalSection
	GlobalSection(ExtensibilityGlobals) = postSolution
		SolutionGuid = {FC6FC55D-FD03-4A83-92C8-5C282FE58A18}
	EndGlobalSection
EndGlobal
